
Microsoft Visual Studio Solution File, Format Version 12.00
# Visual Studio Version 17
VisualStudioVersion = 17.14.36705.20
MinimumVisualStudioVersion = 10.0.40219.1
Project("{FAE04EC0-301F-11D3-BF4B-00C04F79EFBC}") = "VotingApp", "VotingApp\VotingApp.csproj", "{97C3262C-B427-4DF4-8038-667E2D2DB642}"
EndProject
Project("{FAE04EC0-301F-11D3-BF4B-00C04F79EFBC}") = "VotingApp.Tests", "VotingApp.Tests\VotingApp.Tests.csproj", "{0884B477-F13D-6CCC-2F8A-26AA098256FE}"
EndProject
Global
	GlobalSection(SolutionConfigurationPlatforms) = preSolution
		Debug|Any CPU = Debug|Any CPU
		Release|Any CPU = Release|Any CPU
	EndGlobalSection
	GlobalSection(ProjectConfigurationPlatforms) = postSolution
		{97C3262C-B427-4DF4-8038-667E2D2DB642}.Debug|Any CPU.ActiveCfg = Debug|Any CPU
		{97C3262C-B427-4DF4-8038-667E2D2DB642}.Debug|Any CPU.Build.0 = Debug|Any CPU
		{97C3262C-B427-4DF4-8038-667E2D2DB642}.Release|Any CPU.ActiveCfg = Release|Any CPU
		{97C3262C-B427-4DF4-8038-667E2D2DB642}.Release|Any CPU.Build.0 = Release|Any CPU
		{0884B477-F13D-6CCC-2F8A-26AA098256FE}.Debug|Any CPU.ActiveCfg = Debug|Any CPU
		{0884B477-F13D-6CCC-2F8A-26AA098256FE}.Debug|Any CPU.Build.0 = Debug|Any CPU
		{0884B477-F13D-6CCC-2F8A-26AA098256FE}.Release|Any CPU.ActiveCfg = Release|Any CPU
		{0884B477-F13D-6CCC-2F8A-26AA098256FE}.Release|Any CPU.Build.0 = Release|Any CPU
	EndGlobalSection
	GlobalSection(SolutionProperties) = preSolution
		HideSolutionNode = FALSE
	EndGlobalSection
	GlobalSection(ExtensibilityGlobals) = postSolution
		SolutionGuid = {01CDDAB7-DB0D-4148-84D9-4C90C7D4ACC9}
	EndGlobalSection
EndGlobal
